
Microsoft Visual Studio Solution File, Format Version 12.00
# Visual Studio 14
VisualStudioVersion = 14.0.25123.0
MinimumVisualStudioVersion = 10.0.40219.1
Project("{5D9D6987-CAE0-473B-A3F8-0581FB52CA67}") = "Sitecore.Support.96016", "Sitecore.Support.96016\Sitecore.Support.96016.csproj", "{0417EA90-AD9E-40C6-9637-3348920ED3C2}"
EndProject
Global
	GlobalSection(SolutionConfigurationPlatforms) = preSolution
		Debug|Any CPU = Debug|Any CPU
		Release|Any CPU = Release|Any CPU
	EndGlobalSection
	GlobalSection(ProjectConfigurationPlatforms) = postSolution
		{0417EA90-AD9E-40C6-9637-3348920ED3C2}.Debug|Any CPU.ActiveCfg = Debug|Any CPU
		{0417EA90-AD9E-40C6-9637-3348920ED3C2}.Debug|Any CPU.Build.0 = Debug|Any CPU
		{0417EA90-AD9E-40C6-9637-3348920ED3C2}.Release|Any CPU.ActiveCfg = Release|Any CPU
		{0417EA90-AD9E-40C6-9637-3348920ED3C2}.Release|Any CPU.Build.0 = Release|Any CPU
	EndGlobalSection
	GlobalSection(SolutionProperties) = preSolution
		HideSolutionNode = FALSE
	EndGlobalSection
EndGlobal
